
Microsoft Visual Studio Solution File, Format Version 12.00
# Visual Studio Version 16
VisualStudioVersion = 16.0.30002.166
MinimumVisualStudioVersion = 10.0.40219.1
Project("{FAE04EC0-301F-11D3-BF4B-00C04F79EFBC}") = "CSharpFundamentals", "CSharpFundamentals.csproj", "{1ED5ADCC-FE63-4446-ABB2-03C1E04B1596}"
EndProject
Global
	GlobalSection(SolutionConfigurationPlatforms) = preSolution
		Debug|Any CPU = Debug|Any CPU
		Release|Any CPU = Release|Any CPU
	EndGlobalSection
	GlobalSection(ProjectConfigurationPlatforms) = postSolution
		{1ED5ADCC-FE63-4446-ABB2-03C1E04B1596}.Debug|Any CPU.ActiveCfg = Debug|Any CPU
		{1ED5ADCC-FE63-4446-ABB2-03C1E04B1596}.Debug|Any CPU.Build.0 = Debug|Any CPU
		{1ED5ADCC-FE63-4446-ABB2-03C1E04B1596}.Release|Any CPU.ActiveCfg = Release|Any CPU
		{1ED5ADCC-FE63-4446-ABB2-03C1E04B1596}.Release|Any CPU.Build.0 = Release|Any CPU
	EndGlobalSection
	GlobalSection(SolutionProperties) = preSolution
		HideSolutionNode = FALSE
	EndGlobalSection
	GlobalSection(ExtensibilityGlobals) = postSolution
		SolutionGuid = {E4939622-9CFB-41C2-8937-D0037667C01D}
	EndGlobalSection
EndGlobal
