
Microsoft Visual Studio Solution File, Format Version 12.00
# Visual Studio Version 16
VisualStudioVersion = 16.0.28803.452
MinimumVisualStudioVersion = 10.0.40219.1
Project("{FAE04EC0-301F-11D3-BF4B-00C04F79EFBC}") = "ThirdConditionExercise", "ThirdConditionExercise\ThirdConditionExercise.csproj", "{E0224155-A044-4DF9-AEB9-025325016B75}"
EndProject
Global
	GlobalSection(SolutionConfigurationPlatforms) = preSolution
		Debug|Any CPU = Debug|Any CPU
		Release|Any CPU = Release|Any CPU
	EndGlobalSection
	GlobalSection(ProjectConfigurationPlatforms) = postSolution
		{E0224155-A044-4DF9-AEB9-025325016B75}.Debug|Any CPU.ActiveCfg = Debug|Any CPU
		{E0224155-A044-4DF9-AEB9-025325016B75}.Debug|Any CPU.Build.0 = Debug|Any CPU
		{E0224155-A044-4DF9-AEB9-025325016B75}.Release|Any CPU.ActiveCfg = Release|Any CPU
		{E0224155-A044-4DF9-AEB9-025325016B75}.Release|Any CPU.Build.0 = Release|Any CPU
	EndGlobalSection
	GlobalSection(SolutionProperties) = preSolution
		HideSolutionNode = FALSE
	EndGlobalSection
	GlobalSection(ExtensibilityGlobals) = postSolution
		SolutionGuid = {85DCF0BC-918C-4372-8902-4CA4E66E9CCE}
	EndGlobalSection
EndGlobal
