
Microsoft Visual Studio Solution File, Format Version 12.00
# Visual Studio Version 16
VisualStudioVersion = 16.0.28803.452
MinimumVisualStudioVersion = 10.0.40219.1
Project("{FAE04EC0-301F-11D3-BF4B-00C04F79EFBC}") = "NumbersSumSecondExercise", "NumbersSumSecondExercise\NumbersSumSecondExercise.csproj", "{ED9625A0-827E-4209-8295-D6736383FA49}"
EndProject
Global
	GlobalSection(SolutionConfigurationPlatforms) = preSolution
		Debug|Any CPU = Debug|Any CPU
		Release|Any CPU = Release|Any CPU
	EndGlobalSection
	GlobalSection(ProjectConfigurationPlatforms) = postSolution
		{ED9625A0-827E-4209-8295-D6736383FA49}.Debug|Any CPU.ActiveCfg = Debug|Any CPU
		{ED9625A0-827E-4209-8295-D6736383FA49}.Debug|Any CPU.Build.0 = Debug|Any CPU
		{ED9625A0-827E-4209-8295-D6736383FA49}.Release|Any CPU.ActiveCfg = Release|Any CPU
		{ED9625A0-827E-4209-8295-D6736383FA49}.Release|Any CPU.Build.0 = Release|Any CPU
	EndGlobalSection
	GlobalSection(SolutionProperties) = preSolution
		HideSolutionNode = FALSE
	EndGlobalSection
	GlobalSection(ExtensibilityGlobals) = postSolution
		SolutionGuid = {E15B942A-0B31-4411-BB90-B4DA73BEBA6A}
	EndGlobalSection
EndGlobal
