
Microsoft Visual Studio Solution File, Format Version 12.00
# Visual Studio Version 16
VisualStudioVersion = 16.0.30002.166
MinimumVisualStudioVersion = 10.0.40219.1
Project("{FAE04EC0-301F-11D3-BF4B-00C04F79EFBC}") = "Variables", "Variables.csproj", "{35B79695-B492-4AE2-8F6D-BFD6426F223E}"
EndProject
Global
	GlobalSection(SolutionConfigurationPlatforms) = preSolution
		Debug|Any CPU = Debug|Any CPU
		Release|Any CPU = Release|Any CPU
	EndGlobalSection
	GlobalSection(ProjectConfigurationPlatforms) = postSolution
		{35B79695-B492-4AE2-8F6D-BFD6426F223E}.Debug|Any CPU.ActiveCfg = Debug|Any CPU
		{35B79695-B492-4AE2-8F6D-BFD6426F223E}.Debug|Any CPU.Build.0 = Debug|Any CPU
		{35B79695-B492-4AE2-8F6D-BFD6426F223E}.Release|Any CPU.ActiveCfg = Release|Any CPU
		{35B79695-B492-4AE2-8F6D-BFD6426F223E}.Release|Any CPU.Build.0 = Release|Any CPU
	EndGlobalSection
	GlobalSection(SolutionProperties) = preSolution
		HideSolutionNode = FALSE
	EndGlobalSection
	GlobalSection(ExtensibilityGlobals) = postSolution
		SolutionGuid = {6BC8C5DE-1393-410C-A979-88403B2F73D5}
	EndGlobalSection
EndGlobal
